// !$*UTF8*$!
{
	archiveVersion = 1;
	classes = {
	};
	objectVersion = 56;
	objects = {

/* Begin PBXBuildFile section */
		D0BE04042938EFD9000739E0 /* CardView.swift in Sources */ = {isa = PBXBuildFile; fileRef = D0BE04032938EFD9000739E0 /* CardView.swift */; };
		D0E48AAE293FCF2B006E2555 /* Text + Extensions.swift in Sources */ = {isa = PBXBuildFile; fileRef = D0E48AAD293FCF2B006E2555 /* Text + Extensions.swift */; };
		D0E48AB02941DCD4006E2555 /* PlayButtonView.swift in Sources */ = {isa = PBXBuildFile; fileRef = D0E48AAF2941DCD4006E2555 /* PlayButtonView.swift */; };
		D0E48AB22941E328006E2555 /* RoundCoordinator.swift in Sources */ = {isa = PBXBuildFile; fileRef = D0E48AB12941E328006E2555 /* RoundCoordinator.swift */; };
		D0E48AB42941E335006E2555 /* MainCoordinator.swift in Sources */ = {isa = PBXBuildFile; fileRef = D0E48AB32941E335006E2555 /* MainCoordinator.swift */; };
		D0E48AB72941E64C006E2555 /* Stinsen in Frameworks */ = {isa = PBXBuildFile; productRef = D0E48AB62941E64C006E2555 /* Stinsen */; };
		D0E5FB642939F964006F7F6F /* ButtonsBarView.swift in Sources */ = {isa = PBXBuildFile; fileRef = D0E5FB632939F964006F7F6F /* ButtonsBarView.swift */; };
		D0E5FB672939F999006F7F6F /* RoundButtonView.swift in Sources */ = {isa = PBXBuildFile; fileRef = D0E5FB662939F999006F7F6F /* RoundButtonView.swift */; };
		D0E5FB692939F9A7006F7F6F /* RoundButtonStyle.swift in Sources */ = {isa = PBXBuildFile; fileRef = D0E5FB682939F9A7006F7F6F /* RoundButtonStyle.swift */; };
		D0E5FB6C293A0EDB006F7F6F /* TimerControllButtonStyle.swift in Sources */ = {isa = PBXBuildFile; fileRef = D0E5FB6B293A0EDB006F7F6F /* TimerControllButtonStyle.swift */; };
		D0E5FB6F293A0EF9006F7F6F /* TimerControllButtonView.swift in Sources */ = {isa = PBXBuildFile; fileRef = D0E5FB6E293A0EF9006F7F6F /* TimerControllButtonView.swift */; };
		D0E5FB72293A1239006F7F6F /* LinearProgressView.swift in Sources */ = {isa = PBXBuildFile; fileRef = D0E5FB71293A1239006F7F6F /* LinearProgressView.swift */; };
		D0E5FB74293B65C7006F7F6F /* GameView.swift in Sources */ = {isa = PBXBuildFile; fileRef = D0E5FB73293B65C7006F7F6F /* GameView.swift */; };
		D0E5FB76293B65D2006F7F6F /* GameViewModel.swift in Sources */ = {isa = PBXBuildFile; fileRef = D0E5FB75293B65D2006F7F6F /* GameViewModel.swift */; };
		D0E5FB79293CF002006F7F6F /* Colors.swift in Sources */ = {isa = PBXBuildFile; fileRef = D0E5FB78293CF002006F7F6F /* Colors.swift */; };
		D0E5FB7C293CF26B006F7F6F /* SharpedCardView.swift in Sources */ = {isa = PBXBuildFile; fileRef = D0E5FB7B293CF26B006F7F6F /* SharpedCardView.swift */; };
		D0E5FB7F293DF90D006F7F6F /* TeamCellView.swift in Sources */ = {isa = PBXBuildFile; fileRef = D0E5FB7E293DF90D006F7F6F /* TeamCellView.swift */; };
		D0ED1A3E2923A33E002ABBD5 /* AliasForITApp.swift in Sources */ = {isa = PBXBuildFile; fileRef = D0ED1A3D2923A33E002ABBD5 /* AliasForITApp.swift */; };
		D0ED1A422923A340002ABBD5 /* Assets.xcassets in Resources */ = {isa = PBXBuildFile; fileRef = D0ED1A412923A340002ABBD5 /* Assets.xcassets */; };
		D0ED1A452923A340002ABBD5 /* Preview Assets.xcassets in Resources */ = {isa = PBXBuildFile; fileRef = D0ED1A442923A340002ABBD5 /* Preview Assets.xcassets */; };
		D0ED1A572923A4A6002ABBD5 /* RoundModel.swift in Sources */ = {isa = PBXBuildFile; fileRef = D0ED1A562923A4A6002ABBD5 /* RoundModel.swift */; };
		D0ED1A592923A4B5002ABBD5 /* TeamModel.swift in Sources */ = {isa = PBXBuildFile; fileRef = D0ED1A582923A4B5002ABBD5 /* TeamModel.swift */; };
		D0ED1A5C2923A4E3002ABBD5 /* UserStorage.swift in Sources */ = {isa = PBXBuildFile; fileRef = D0ED1A5B2923A4E3002ABBD5 /* UserStorage.swift */; };
		D0ED1A5E2923A51A002ABBD5 /* SettingsManager.swift in Sources */ = {isa = PBXBuildFile; fileRef = D0ED1A5D2923A51A002ABBD5 /* SettingsManager.swift */; };
		D0ED1A602923A528002ABBD5 /* Consts.swift in Sources */ = {isa = PBXBuildFile; fileRef = D0ED1A5F2923A528002ABBD5 /* Consts.swift */; };
		D0ED1A632923A561002ABBD5 /* String + Extensions.swift in Sources */ = {isa = PBXBuildFile; fileRef = D0ED1A622923A561002ABBD5 /* String + Extensions.swift */; };
		D0ED1A6A2923A5CB002ABBD5 /* SettingCellStyle.swift in Sources */ = {isa = PBXBuildFile; fileRef = D0ED1A692923A5CB002ABBD5 /* SettingCellStyle.swift */; };
		D0ED1A6C2923A5E2002ABBD5 /* SwitchSettingsCellView.swift in Sources */ = {isa = PBXBuildFile; fileRef = D0ED1A6B2923A5E2002ABBD5 /* SwitchSettingsCellView.swift */; };
		D0ED1A6E2923A609002ABBD5 /* CountSettingCellView.swift in Sources */ = {isa = PBXBuildFile; fileRef = D0ED1A6D2923A609002ABBD5 /* CountSettingCellView.swift */; };
		D0ED1A702923A639002ABBD5 /* SettingsView.swift in Sources */ = {isa = PBXBuildFile; fileRef = D0ED1A6F2923A639002ABBD5 /* SettingsView.swift */; };
		D0ED1A722923A64E002ABBD5 /* SettingsViewModel.swift in Sources */ = {isa = PBXBuildFile; fileRef = D0ED1A712923A64E002ABBD5 /* SettingsViewModel.swift */; };
		D0ED1A812923A948002ABBD5 /* AppDelegate.swift in Sources */ = {isa = PBXBuildFile; fileRef = D0ED1A802923A948002ABBD5 /* AppDelegate.swift */; };
		D0ED1A842923AA03002ABBD5 /* Alamofire in Frameworks */ = {isa = PBXBuildFile; productRef = D0ED1A832923AA03002ABBD5 /* Alamofire */; };
		D0ED1A872923AA4B002ABBD5 /* Kingfisher in Frameworks */ = {isa = PBXBuildFile; productRef = D0ED1A862923AA4B002ABBD5 /* Kingfisher */; };
		D0ED1A8A2923AAB0002ABBD5 /* CombineMoya in Frameworks */ = {isa = PBXBuildFile; productRef = D0ED1A892923AAB0002ABBD5 /* CombineMoya */; };
		D0ED1A8C2923AAB0002ABBD5 /* Moya in Frameworks */ = {isa = PBXBuildFile; productRef = D0ED1A8B2923AAB0002ABBD5 /* Moya */; };
		D0ED1A8E2923AAB0002ABBD5 /* ReactiveMoya in Frameworks */ = {isa = PBXBuildFile; productRef = D0ED1A8D2923AAB0002ABBD5 /* ReactiveMoya */; };
		D0ED1A902923AAB0002ABBD5 /* RxMoya in Frameworks */ = {isa = PBXBuildFile; productRef = D0ED1A8F2923AAB0002ABBD5 /* RxMoya */; };
		D0ED1A932923AAF6002ABBD5 /* RxCocoa in Frameworks */ = {isa = PBXBuildFile; productRef = D0ED1A922923AAF6002ABBD5 /* RxCocoa */; };
		D0ED1A952923AAF6002ABBD5 /* RxSwift in Frameworks */ = {isa = PBXBuildFile; productRef = D0ED1A942923AAF6002ABBD5 /* RxSwift */; };
		D0ED1A982923AB35002ABBD5 /* CombineExt in Frameworks */ = {isa = PBXBuildFile; productRef = D0ED1A972923AB35002ABBD5 /* CombineExt */; };
		D0ED1A9A2923CC0E002ABBD5 /* RoundViewModel.swift in Sources */ = {isa = PBXBuildFile; fileRef = D0ED1A992923CC0E002ABBD5 /* RoundViewModel.swift */; };
		D0ED1A9C2923CC1F002ABBD5 /* RoundView.swift in Sources */ = {isa = PBXBuildFile; fileRef = D0ED1A9B2923CC1F002ABBD5 /* RoundView.swift */; };
		D0ED1A9E2923CC2F002ABBD5 /* RoundRouter.swift in Sources */ = {isa = PBXBuildFile; fileRef = D0ED1A9D2923CC2F002ABBD5 /* RoundRouter.swift */; };
		D0ED1AA229250258002ABBD5 /* WordsStorage.swift in Sources */ = {isa = PBXBuildFile; fileRef = D0ED1AA129250258002ABBD5 /* WordsStorage.swift */; };
		D0ED1AA829252322002ABBD5 /* Words.swift in Sources */ = {isa = PBXBuildFile; fileRef = D0ED1AA729252322002ABBD5 /* Words.swift */; };
		D0ED1AAD2926054E002ABBD5 /* SwipableCardView.swift in Sources */ = {isa = PBXBuildFile; fileRef = D0ED1AAC2926054E002ABBD5 /* SwipableCardView.swift */; };
		D0ED1AAF292616B5002ABBD5 /* View + Extensions.swift in Sources */ = {isa = PBXBuildFile; fileRef = D0ED1AAE292616B5002ABBD5 /* View + Extensions.swift */; };
/* End PBXBuildFile section */

/* Begin PBXFileReference section */
		D0BE04032938EFD9000739E0 /* CardView.swift */ = {isa = PBXFileReference; lastKnownFileType = sourcecode.swift; path = CardView.swift; sourceTree = "<group>"; };
		D0E48AAD293FCF2B006E2555 /* Text + Extensions.swift */ = {isa = PBXFileReference; lastKnownFileType = sourcecode.swift; path = "Text + Extensions.swift"; sourceTree = "<group>"; };
		D0E48AAF2941DCD4006E2555 /* PlayButtonView.swift */ = {isa = PBXFileReference; lastKnownFileType = sourcecode.swift; path = PlayButtonView.swift; sourceTree = "<group>"; };
		D0E48AB12941E328006E2555 /* RoundCoordinator.swift */ = {isa = PBXFileReference; lastKnownFileType = sourcecode.swift; path = RoundCoordinator.swift; sourceTree = "<group>"; };
		D0E48AB32941E335006E2555 /* MainCoordinator.swift */ = {isa = PBXFileReference; lastKnownFileType = sourcecode.swift; path = MainCoordinator.swift; sourceTree = "<group>"; };
		D0E5FB632939F964006F7F6F /* ButtonsBarView.swift */ = {isa = PBXFileReference; lastKnownFileType = sourcecode.swift; path = ButtonsBarView.swift; sourceTree = "<group>"; };
		D0E5FB662939F999006F7F6F /* RoundButtonView.swift */ = {isa = PBXFileReference; lastKnownFileType = sourcecode.swift; path = RoundButtonView.swift; sourceTree = "<group>"; };
		D0E5FB682939F9A7006F7F6F /* RoundButtonStyle.swift */ = {isa = PBXFileReference; lastKnownFileType = sourcecode.swift; path = RoundButtonStyle.swift; sourceTree = "<group>"; };
		D0E5FB6B293A0EDB006F7F6F /* TimerControllButtonStyle.swift */ = {isa = PBXFileReference; lastKnownFileType = sourcecode.swift; path = TimerControllButtonStyle.swift; sourceTree = "<group>"; };
		D0E5FB6E293A0EF9006F7F6F /* TimerControllButtonView.swift */ = {isa = PBXFileReference; lastKnownFileType = sourcecode.swift; path = TimerControllButtonView.swift; sourceTree = "<group>"; };
		D0E5FB71293A1239006F7F6F /* LinearProgressView.swift */ = {isa = PBXFileReference; lastKnownFileType = sourcecode.swift; path = LinearProgressView.swift; sourceTree = "<group>"; };
		D0E5FB73293B65C7006F7F6F /* GameView.swift */ = {isa = PBXFileReference; lastKnownFileType = sourcecode.swift; path = GameView.swift; sourceTree = "<group>"; };
		D0E5FB75293B65D2006F7F6F /* GameViewModel.swift */ = {isa = PBXFileReference; lastKnownFileType = sourcecode.swift; path = GameViewModel.swift; sourceTree = "<group>"; };
		D0E5FB78293CF002006F7F6F /* Colors.swift */ = {isa = PBXFileReference; lastKnownFileType = sourcecode.swift; path = Colors.swift; sourceTree = "<group>"; };
		D0E5FB7B293CF26B006F7F6F /* SharpedCardView.swift */ = {isa = PBXFileReference; lastKnownFileType = sourcecode.swift; path = SharpedCardView.swift; sourceTree = "<group>"; };
		D0E5FB7E293DF90D006F7F6F /* TeamCellView.swift */ = {isa = PBXFileReference; lastKnownFileType = sourcecode.swift; path = TeamCellView.swift; sourceTree = "<group>"; };
		D0ED1A3A2923A33E002ABBD5 /* AliasForIT.app */ = {isa = PBXFileReference; explicitFileType = wrapper.application; includeInIndex = 0; path = AliasForIT.app; sourceTree = BUILT_PRODUCTS_DIR; };
		D0ED1A3D2923A33E002ABBD5 /* AliasForITApp.swift */ = {isa = PBXFileReference; lastKnownFileType = sourcecode.swift; path = AliasForITApp.swift; sourceTree = "<group>"; };
		D0ED1A412923A340002ABBD5 /* Assets.xcassets */ = {isa = PBXFileReference; lastKnownFileType = folder.assetcatalog; path = Assets.xcassets; sourceTree = "<group>"; };
		D0ED1A442923A340002ABBD5 /* Preview Assets.xcassets */ = {isa = PBXFileReference; lastKnownFileType = folder.assetcatalog; path = "Preview Assets.xcassets"; sourceTree = "<group>"; };
		D0ED1A562923A4A6002ABBD5 /* RoundModel.swift */ = {isa = PBXFileReference; lastKnownFileType = sourcecode.swift; path = RoundModel.swift; sourceTree = "<group>"; };
		D0ED1A582923A4B5002ABBD5 /* TeamModel.swift */ = {isa = PBXFileReference; lastKnownFileType = sourcecode.swift; path = TeamModel.swift; sourceTree = "<group>"; };
		D0ED1A5B2923A4E3002ABBD5 /* UserStorage.swift */ = {isa = PBXFileReference; lastKnownFileType = sourcecode.swift; path = UserStorage.swift; sourceTree = "<group>"; };
		D0ED1A5D2923A51A002ABBD5 /* SettingsManager.swift */ = {isa = PBXFileReference; lastKnownFileType = sourcecode.swift; path = SettingsManager.swift; sourceTree = "<group>"; };
		D0ED1A5F2923A528002ABBD5 /* Consts.swift */ = {isa = PBXFileReference; lastKnownFileType = sourcecode.swift; path = Consts.swift; sourceTree = "<group>"; };
		D0ED1A622923A561002ABBD5 /* String + Extensions.swift */ = {isa = PBXFileReference; lastKnownFileType = sourcecode.swift; path = "String + Extensions.swift"; sourceTree = "<group>"; };
		D0ED1A692923A5CB002ABBD5 /* SettingCellStyle.swift */ = {isa = PBXFileReference; lastKnownFileType = sourcecode.swift; path = SettingCellStyle.swift; sourceTree = "<group>"; };
		D0ED1A6B2923A5E2002ABBD5 /* SwitchSettingsCellView.swift */ = {isa = PBXFileReference; lastKnownFileType = sourcecode.swift; path = SwitchSettingsCellView.swift; sourceTree = "<group>"; };
		D0ED1A6D2923A609002ABBD5 /* CountSettingCellView.swift */ = {isa = PBXFileReference; lastKnownFileType = sourcecode.swift; path = CountSettingCellView.swift; sourceTree = "<group>"; };
		D0ED1A6F2923A639002ABBD5 /* SettingsView.swift */ = {isa = PBXFileReference; lastKnownFileType = sourcecode.swift; path = SettingsView.swift; sourceTree = "<group>"; };
		D0ED1A712923A64E002ABBD5 /* SettingsViewModel.swift */ = {isa = PBXFileReference; lastKnownFileType = sourcecode.swift; path = SettingsViewModel.swift; sourceTree = "<group>"; };
		D0ED1A802923A948002ABBD5 /* AppDelegate.swift */ = {isa = PBXFileReference; lastKnownFileType = sourcecode.swift; path = AppDelegate.swift; sourceTree = "<group>"; };
		D0ED1A992923CC0E002ABBD5 /* RoundViewModel.swift */ = {isa = PBXFileReference; lastKnownFileType = sourcecode.swift; path = RoundViewModel.swift; sourceTree = "<group>"; };
		D0ED1A9B2923CC1F002ABBD5 /* RoundView.swift */ = {isa = PBXFileReference; lastKnownFileType = sourcecode.swift; path = RoundView.swift; sourceTree = "<group>"; };
		D0ED1A9D2923CC2F002ABBD5 /* RoundRouter.swift */ = {isa = PBXFileReference; lastKnownFileType = sourcecode.swift; path = RoundRouter.swift; sourceTree = "<group>"; };
		D0ED1AA129250258002ABBD5 /* WordsStorage.swift */ = {isa = PBXFileReference; lastKnownFileType = sourcecode.swift; path = WordsStorage.swift; sourceTree = "<group>"; };
		D0ED1AA729252322002ABBD5 /* Words.swift */ = {isa = PBXFileReference; lastKnownFileType = sourcecode.swift; path = Words.swift; sourceTree = "<group>"; };
		D0ED1AAC2926054E002ABBD5 /* SwipableCardView.swift */ = {isa = PBXFileReference; lastKnownFileType = sourcecode.swift; path = SwipableCardView.swift; sourceTree = "<group>"; };
		D0ED1AAE292616B5002ABBD5 /* View + Extensions.swift */ = {isa = PBXFileReference; lastKnownFileType = sourcecode.swift; path = "View + Extensions.swift"; sourceTree = "<group>"; };
/* End PBXFileReference section */

/* Begin PBXFrameworksBuildPhase section */
		D0ED1A372923A33E002ABBD5 /* Frameworks */ = {
			isa = PBXFrameworksBuildPhase;
			buildActionMask = 2147483647;
			files = (
				D0ED1A8C2923AAB0002ABBD5 /* Moya in Frameworks */,
				D0ED1A902923AAB0002ABBD5 /* RxMoya in Frameworks */,
				D0ED1A982923AB35002ABBD5 /* CombineExt in Frameworks */,
				D0ED1A8E2923AAB0002ABBD5 /* ReactiveMoya in Frameworks */,
				D0ED1A872923AA4B002ABBD5 /* Kingfisher in Frameworks */,
				D0ED1A952923AAF6002ABBD5 /* RxSwift in Frameworks */,
				D0ED1A932923AAF6002ABBD5 /* RxCocoa in Frameworks */,
				D0ED1A842923AA03002ABBD5 /* Alamofire in Frameworks */,
				D0ED1A8A2923AAB0002ABBD5 /* CombineMoya in Frameworks */,
				D0E48AB72941E64C006E2555 /* Stinsen in Frameworks */,
			);
			runOnlyForDeploymentPostprocessing = 0;
		};
/* End PBXFrameworksBuildPhase section */

/* Begin PBXGroup section */
		D0E48AAC293FCF12006E2555 /* Buttons */ = {
			isa = PBXGroup;
			children = (
				D0E48AAF2941DCD4006E2555 /* PlayButtonView.swift */,
			);
			path = Buttons;
			sourceTree = "<group>";
		};
		D0E48AB82941F5A7006E2555 /* Subviews */ = {
			isa = PBXGroup;
			children = (
				D0ED1A9B2923CC1F002ABBD5 /* RoundView.swift */,
			);
			path = Subviews;
			sourceTree = "<group>";
		};
		D0E5FB652939F975006F7F6F /* RoundButton */ = {
			isa = PBXGroup;
			children = (
				D0E5FB662939F999006F7F6F /* RoundButtonView.swift */,
				D0E5FB682939F9A7006F7F6F /* RoundButtonStyle.swift */,
			);
			path = RoundButton;
			sourceTree = "<group>";
		};
		D0E5FB6A293A0EAD006F7F6F /* TimerConrollButton */ = {
			isa = PBXGroup;
			children = (
				D0E5FB6B293A0EDB006F7F6F /* TimerControllButtonStyle.swift */,
				D0E5FB6E293A0EF9006F7F6F /* TimerControllButtonView.swift */,
			);
			path = TimerConrollButton;
			sourceTree = "<group>";
		};
		D0E5FB70293A1218006F7F6F /* ProgressViews */ = {
			isa = PBXGroup;
			children = (
				D0E5FB71293A1239006F7F6F /* LinearProgressView.swift */,
			);
			path = ProgressViews;
			sourceTree = "<group>";
		};
		D0E5FB7A293CF24B006F7F6F /* CardViews */ = {
			isa = PBXGroup;
			children = (
				D0E5FB7B293CF26B006F7F6F /* SharpedCardView.swift */,
			);
			path = CardViews;
			sourceTree = "<group>";
		};
		D0E5FB7D293DF8FE006F7F6F /* Components */ = {
			isa = PBXGroup;
			children = (
				D0E5FB7E293DF90D006F7F6F /* TeamCellView.swift */,
			);
			path = Components;
			sourceTree = "<group>";
		};
		D0ED1A312923A33E002ABBD5 = {
			isa = PBXGroup;
			children = (
				D0ED1A3C2923A33E002ABBD5 /* AliasForIT */,
				D0ED1A3B2923A33E002ABBD5 /* Products */,
			);
			sourceTree = "<group>";
		};
		D0ED1A3B2923A33E002ABBD5 /* Products */ = {
			isa = PBXGroup;
			children = (
				D0ED1A3A2923A33E002ABBD5 /* AliasForIT.app */,
			);
			name = Products;
			sourceTree = "<group>";
		};
		D0ED1A3C2923A33E002ABBD5 /* AliasForIT */ = {
			isa = PBXGroup;
			children = (
				D0ED1A4C2923A394002ABBD5 /* App */,
				D0ED1A4D2923A39B002ABBD5 /* Coordinators */,
				D0ED1A512923A3C9002ABBD5 /* Services */,
				D0ED1A4E2923A3A3002ABBD5 /* Models */,
				D0ED1A4F2923A3AB002ABBD5 /* Modules */,
				D0ED1A522923A3D0002ABBD5 /* Components */,
				D0ED1A502923A3B1002ABBD5 /* Helpers */,
				D0ED1A4B2923A370002ABBD5 /* Resources */,
				D0ED1A432923A340002ABBD5 /* Preview Content */,
			);
			path = AliasForIT;
			sourceTree = "<group>";
		};
		D0ED1A432923A340002ABBD5 /* Preview Content */ = {
			isa = PBXGroup;
			children = (
				D0ED1A442923A340002ABBD5 /* Preview Assets.xcassets */,
			);
			path = "Preview Content";
			sourceTree = "<group>";
		};
		D0ED1A4B2923A370002ABBD5 /* Resources */ = {
			isa = PBXGroup;
			children = (
				D0ED1A412923A340002ABBD5 /* Assets.xcassets */,
				D0E5FB78293CF002006F7F6F /* Colors.swift */,
			);
			path = Resources;
			sourceTree = "<group>";
		};
		D0ED1A4C2923A394002ABBD5 /* App */ = {
			isa = PBXGroup;
			children = (
				D0ED1A3D2923A33E002ABBD5 /* AliasForITApp.swift */,
				D0ED1A802923A948002ABBD5 /* AppDelegate.swift */,
			);
			path = App;
			sourceTree = "<group>";
		};
		D0ED1A4D2923A39B002ABBD5 /* Coordinators */ = {
			isa = PBXGroup;
			children = (
				D0E48AB12941E328006E2555 /* RoundCoordinator.swift */,
				D0E48AB32941E335006E2555 /* MainCoordinator.swift */,
			);
			path = Coordinators;
			sourceTree = "<group>";
		};
		D0ED1A4E2923A3A3002ABBD5 /* Models */ = {
			isa = PBXGroup;
			children = (
				D0ED1A552923A498002ABBD5 /* LocalModels */,
			);
			path = Models;
			sourceTree = "<group>";
		};
		D0ED1A4F2923A3AB002ABBD5 /* Modules */ = {
			isa = PBXGroup;
			children = (
				D0ED1A652923A57F002ABBD5 /* MainView */,
				D0ED1A662923A589002ABBD5 /* GameView */,
				D0ED1A672923A592002ABBD5 /* RoundView */,
				D0ED1A642923A578002ABBD5 /* SettingsView */,
			);
			path = Modules;
			sourceTree = "<group>";
		};
		D0ED1A502923A3B1002ABBD5 /* Helpers */ = {
			isa = PBXGroup;
			children = (
				D0ED1A612923A551002ABBD5 /* Extensions */,
				D0ED1A5F2923A528002ABBD5 /* Consts.swift */,
				D0ED1AA729252322002ABBD5 /* Words.swift */,
			);
			path = Helpers;
			sourceTree = "<group>";
		};
		D0ED1A512923A3C9002ABBD5 /* Services */ = {
			isa = PBXGroup;
			children = (
				D0ED1A5A2923A4D6002ABBD5 /* Storages */,
				D0ED1A5D2923A51A002ABBD5 /* SettingsManager.swift */,
			);
			path = Services;
			sourceTree = "<group>";
		};
		D0ED1A522923A3D0002ABBD5 /* Components */ = {
			isa = PBXGroup;
			children = (
				D0E48AAC293FCF12006E2555 /* Buttons */,
				D0E5FB7A293CF24B006F7F6F /* CardViews */,
				D0E5FB70293A1218006F7F6F /* ProgressViews */,
				D0E5FB6A293A0EAD006F7F6F /* TimerConrollButton */,
				D0E5FB652939F975006F7F6F /* RoundButton */,
			);
			path = Components;
			sourceTree = "<group>";
		};
		D0ED1A552923A498002ABBD5 /* LocalModels */ = {
			isa = PBXGroup;
			children = (
				D0ED1A562923A4A6002ABBD5 /* RoundModel.swift */,
				D0ED1A582923A4B5002ABBD5 /* TeamModel.swift */,
			);
			path = LocalModels;
			sourceTree = "<group>";
		};
		D0ED1A5A2923A4D6002ABBD5 /* Storages */ = {
			isa = PBXGroup;
			children = (
				D0ED1A5B2923A4E3002ABBD5 /* UserStorage.swift */,
				D0ED1AA129250258002ABBD5 /* WordsStorage.swift */,
			);
			path = Storages;
			sourceTree = "<group>";
		};
		D0ED1A612923A551002ABBD5 /* Extensions */ = {
			isa = PBXGroup;
			children = (
				D0ED1A622923A561002ABBD5 /* String + Extensions.swift */,
				D0ED1AAE292616B5002ABBD5 /* View + Extensions.swift */,
				D0E48AAD293FCF2B006E2555 /* Text + Extensions.swift */,
			);
			path = Extensions;
			sourceTree = "<group>";
		};
		D0ED1A642923A578002ABBD5 /* SettingsView */ = {
			isa = PBXGroup;
			children = (
				D0ED1A682923A5AF002ABBD5 /* Components */,
				D0ED1A6F2923A639002ABBD5 /* SettingsView.swift */,
				D0ED1A712923A64E002ABBD5 /* SettingsViewModel.swift */,
			);
			path = SettingsView;
			sourceTree = "<group>";
		};
		D0ED1A652923A57F002ABBD5 /* MainView */ = {
			isa = PBXGroup;
			children = (
			);
			path = MainView;
			sourceTree = "<group>";
		};
		D0ED1A662923A589002ABBD5 /* GameView */ = {
			isa = PBXGroup;
			children = (
				D0E48AB82941F5A7006E2555 /* Subviews */,
				D0E5FB7D293DF8FE006F7F6F /* Components */,
				D0E5FB73293B65C7006F7F6F /* GameView.swift */,
				D0E5FB75293B65D2006F7F6F /* GameViewModel.swift */,
				D0ED1A9D2923CC2F002ABBD5 /* RoundRouter.swift */,
			);
			path = GameView;
			sourceTree = "<group>";
		};
		D0ED1A672923A592002ABBD5 /* RoundView */ = {
			isa = PBXGroup;
			children = (
				D0ED1AAB29260536002ABBD5 /* Components */,
				D0ED1A992923CC0E002ABBD5 /* RoundViewModel.swift */,
			);
			path = RoundView;
			sourceTree = "<group>";
		};
		D0ED1A682923A5AF002ABBD5 /* Components */ = {
			isa = PBXGroup;
			children = (
				D0ED1A692923A5CB002ABBD5 /* SettingCellStyle.swift */,
				D0ED1A6B2923A5E2002ABBD5 /* SwitchSettingsCellView.swift */,
				D0ED1A6D2923A609002ABBD5 /* CountSettingCellView.swift */,
			);
			path = Components;
			sourceTree = "<group>";
		};
		D0ED1AAB29260536002ABBD5 /* Components */ = {
			isa = PBXGroup;
			children = (
				D0ED1AAC2926054E002ABBD5 /* SwipableCardView.swift */,
				D0BE04032938EFD9000739E0 /* CardView.swift */,
				D0E5FB632939F964006F7F6F /* ButtonsBarView.swift */,
			);
			path = Components;
			sourceTree = "<group>";
		};
/* End PBXGroup section */

/* Begin PBXNativeTarget section */
		D0ED1A392923A33E002ABBD5 /* AliasForIT */ = {
			isa = PBXNativeTarget;
			buildConfigurationList = D0ED1A482923A340002ABBD5 /* Build configuration list for PBXNativeTarget "AliasForIT" */;
			buildPhases = (
				D0ED1A362923A33E002ABBD5 /* Sources */,
				D0ED1A372923A33E002ABBD5 /* Frameworks */,
				D0ED1A382923A33E002ABBD5 /* Resources */,
			);
			buildRules = (
			);
			dependencies = (
			);
			name = AliasForIT;
			packageProductDependencies = (
				D0ED1A832923AA03002ABBD5 /* Alamofire */,
				D0ED1A862923AA4B002ABBD5 /* Kingfisher */,
				D0ED1A892923AAB0002ABBD5 /* CombineMoya */,
				D0ED1A8B2923AAB0002ABBD5 /* Moya */,
				D0ED1A8D2923AAB0002ABBD5 /* ReactiveMoya */,
				D0ED1A8F2923AAB0002ABBD5 /* RxMoya */,
				D0ED1A922923AAF6002ABBD5 /* RxCocoa */,
				D0ED1A942923AAF6002ABBD5 /* RxSwift */,
				D0ED1A972923AB35002ABBD5 /* CombineExt */,
				D0E48AB62941E64C006E2555 /* Stinsen */,
			);
			productName = AliasForIT;
			productReference = D0ED1A3A2923A33E002ABBD5 /* AliasForIT.app */;
			productType = "com.apple.product-type.application";
		};
/* End PBXNativeTarget section */

/* Begin PBXProject section */
		D0ED1A322923A33E002ABBD5 /* Project object */ = {
			isa = PBXProject;
			attributes = {
				BuildIndependentTargetsInParallel = 1;
				LastSwiftUpdateCheck = 1400;
				LastUpgradeCheck = 1400;
				TargetAttributes = {
					D0ED1A392923A33E002ABBD5 = {
						CreatedOnToolsVersion = 14.0.1;
					};
				};
			};
			buildConfigurationList = D0ED1A352923A33E002ABBD5 /* Build configuration list for PBXProject "AliasForIT" */;
			compatibilityVersion = "Xcode 14.0";
			developmentRegion = en;
			hasScannedForEncodings = 0;
			knownRegions = (
				en,
				Base,
			);
			mainGroup = D0ED1A312923A33E002ABBD5;
			packageReferences = (
				D0ED1A822923AA03002ABBD5 /* XCRemoteSwiftPackageReference "Alamofire" */,
				D0ED1A852923AA4B002ABBD5 /* XCRemoteSwiftPackageReference "Kingfisher" */,
				D0ED1A882923AAAF002ABBD5 /* XCRemoteSwiftPackageReference "Moya" */,
				D0ED1A912923AAF6002ABBD5 /* XCRemoteSwiftPackageReference "RxSwift" */,
				D0ED1A962923AB35002ABBD5 /* XCRemoteSwiftPackageReference "CombineExt" */,
				D0E48AB52941E64C006E2555 /* XCRemoteSwiftPackageReference "stinsen" */,
			);
			productRefGroup = D0ED1A3B2923A33E002ABBD5 /* Products */;
			projectDirPath = "";
			projectRoot = "";
			targets = (
				D0ED1A392923A33E002ABBD5 /* AliasForIT */,
			);
		};
/* End PBXProject section */

/* Begin PBXResourcesBuildPhase section */
		D0ED1A382923A33E002ABBD5 /* Resources */ = {
			isa = PBXResourcesBuildPhase;
			buildActionMask = 2147483647;
			files = (
				D0ED1A452923A340002ABBD5 /* Preview Assets.xcassets in Resources */,
				D0ED1A422923A340002ABBD5 /* Assets.xcassets in Resources */,
			);
			runOnlyForDeploymentPostprocessing = 0;
		};
/* End PBXResourcesBuildPhase section */

/* Begin PBXSourcesBuildPhase section */
		D0ED1A362923A33E002ABBD5 /* Sources */ = {
			isa = PBXSourcesBuildPhase;
			buildActionMask = 2147483647;
			files = (
				D0ED1A6A2923A5CB002ABBD5 /* SettingCellStyle.swift in Sources */,
				D0E5FB79293CF002006F7F6F /* Colors.swift in Sources */,
				D0ED1A5C2923A4E3002ABBD5 /* UserStorage.swift in Sources */,
				D0ED1A602923A528002ABBD5 /* Consts.swift in Sources */,
				D0E48AAE293FCF2B006E2555 /* Text + Extensions.swift in Sources */,
				D0E5FB76293B65D2006F7F6F /* GameViewModel.swift in Sources */,
				D0ED1A9A2923CC0E002ABBD5 /* RoundViewModel.swift in Sources */,
				D0ED1A9C2923CC1F002ABBD5 /* RoundView.swift in Sources */,
				D0E5FB6C293A0EDB006F7F6F /* TimerControllButtonStyle.swift in Sources */,
				D0E5FB74293B65C7006F7F6F /* GameView.swift in Sources */,
				D0E5FB72293A1239006F7F6F /* LinearProgressView.swift in Sources */,
				D0E5FB672939F999006F7F6F /* RoundButtonView.swift in Sources */,
				D0E5FB692939F9A7006F7F6F /* RoundButtonStyle.swift in Sources */,
				D0ED1AAD2926054E002ABBD5 /* SwipableCardView.swift in Sources */,
				D0ED1A9E2923CC2F002ABBD5 /* RoundRouter.swift in Sources */,
				D0BE04042938EFD9000739E0 /* CardView.swift in Sources */,
				D0E5FB7F293DF90D006F7F6F /* TeamCellView.swift in Sources */,
				D0ED1A5E2923A51A002ABBD5 /* SettingsManager.swift in Sources */,
				D0ED1AAF292616B5002ABBD5 /* View + Extensions.swift in Sources */,
				D0ED1A632923A561002ABBD5 /* String + Extensions.swift in Sources */,
				D0E48AB22941E328006E2555 /* RoundCoordinator.swift in Sources */,
				D0ED1A572923A4A6002ABBD5 /* RoundModel.swift in Sources */,
				D0ED1A6C2923A5E2002ABBD5 /* SwitchSettingsCellView.swift in Sources */,
				D0E5FB7C293CF26B006F7F6F /* SharpedCardView.swift in Sources */,
				D0ED1A6E2923A609002ABBD5 /* CountSettingCellView.swift in Sources */,
				D0E5FB6F293A0EF9006F7F6F /* TimerControllButtonView.swift in Sources */,
				D0ED1A812923A948002ABBD5 /* AppDelegate.swift in Sources */,
				D0E5FB642939F964006F7F6F /* ButtonsBarView.swift in Sources */,
				D0ED1AA229250258002ABBD5 /* WordsStorage.swift in Sources */,
				D0E48AB02941DCD4006E2555 /* PlayButtonView.swift in Sources */,
				D0E48AB42941E335006E2555 /* MainCoordinator.swift in Sources */,
				D0ED1A3E2923A33E002ABBD5 /* AliasForITApp.swift in Sources */,
				D0ED1A592923A4B5002ABBD5 /* TeamModel.swift in Sources */,
				D0ED1A702923A639002ABBD5 /* SettingsView.swift in Sources */,
				D0ED1A722923A64E002ABBD5 /* SettingsViewModel.swift in Sources */,
				D0ED1AA829252322002ABBD5 /* Words.swift in Sources */,
			);
			runOnlyForDeploymentPostprocessing = 0;
		};
/* End PBXSourcesBuildPhase section */

/* Begin XCBuildConfiguration section */
		D0ED1A462923A340002ABBD5 /* Debug */ = {
			isa = XCBuildConfiguration;
			buildSettings = {
				ALWAYS_SEARCH_USER_PATHS = NO;
				CLANG_ANALYZER_NONNULL = YES;
				CLANG_ANALYZER_NUMBER_OBJECT_CONVERSION = YES_AGGRESSIVE;
				CLANG_CXX_LANGUAGE_STANDARD = "gnu++20";
				CLANG_ENABLE_MODULES = YES;
				CLANG_ENABLE_OBJC_ARC = YES;
				CLANG_ENABLE_OBJC_WEAK = YES;
				CLANG_WARN_BLOCK_CAPTURE_AUTORELEASING = YES;
				CLANG_WARN_BOOL_CONVERSION = YES;
				CLANG_WARN_COMMA = YES;
				CLANG_WARN_CONSTANT_CONVERSION = YES;
				CLANG_WARN_DEPRECATED_OBJC_IMPLEMENTATIONS = YES;
				CLANG_WARN_DIRECT_OBJC_ISA_USAGE = YES_ERROR;
				CLANG_WARN_DOCUMENTATION_COMMENTS = YES;
				CLANG_WARN_EMPTY_BODY = YES;
				CLANG_WARN_ENUM_CONVERSION = YES;
				CLANG_WARN_INFINITE_RECURSION = YES;
				CLANG_WARN_INT_CONVERSION = YES;
				CLANG_WARN_NON_LITERAL_NULL_CONVERSION = YES;
				CLANG_WARN_OBJC_IMPLICIT_RETAIN_SELF = YES;
				CLANG_WARN_OBJC_LITERAL_CONVERSION = YES;
				CLANG_WARN_OBJC_ROOT_CLASS = YES_ERROR;
				CLANG_WARN_QUOTED_INCLUDE_IN_FRAMEWORK_HEADER = YES;
				CLANG_WARN_RANGE_LOOP_ANALYSIS = YES;
				CLANG_WARN_STRICT_PROTOTYPES = YES;
				CLANG_WARN_SUSPICIOUS_MOVE = YES;
				CLANG_WARN_UNGUARDED_AVAILABILITY = YES_AGGRESSIVE;
				CLANG_WARN_UNREACHABLE_CODE = YES;
				CLANG_WARN__DUPLICATE_METHOD_MATCH = YES;
				COPY_PHASE_STRIP = NO;
				DEBUG_INFORMATION_FORMAT = dwarf;
				ENABLE_STRICT_OBJC_MSGSEND = YES;
				ENABLE_TESTABILITY = YES;
				GCC_C_LANGUAGE_STANDARD = gnu11;
				GCC_DYNAMIC_NO_PIC = NO;
				GCC_NO_COMMON_BLOCKS = YES;
				GCC_OPTIMIZATION_LEVEL = 0;
				GCC_PREPROCESSOR_DEFINITIONS = (
					"DEBUG=1",
					"$(inherited)",
				);
				GCC_WARN_64_TO_32_BIT_CONVERSION = YES;
				GCC_WARN_ABOUT_RETURN_TYPE = YES_ERROR;
				GCC_WARN_UNDECLARED_SELECTOR = YES;
				GCC_WARN_UNINITIALIZED_AUTOS = YES_AGGRESSIVE;
				GCC_WARN_UNUSED_FUNCTION = YES;
				GCC_WARN_UNUSED_VARIABLE = YES;
				IPHONEOS_DEPLOYMENT_TARGET = 15.2;
				MTL_ENABLE_DEBUG_INFO = INCLUDE_SOURCE;
				MTL_FAST_MATH = YES;
				ONLY_ACTIVE_ARCH = YES;
				SDKROOT = iphoneos;
				SWIFT_ACTIVE_COMPILATION_CONDITIONS = DEBUG;
				SWIFT_OPTIMIZATION_LEVEL = "-Onone";
			};
			name = Debug;
		};
		D0ED1A472923A340002ABBD5 /* Release */ = {
			isa = XCBuildConfiguration;
			buildSettings = {
				ALWAYS_SEARCH_USER_PATHS = NO;
				CLANG_ANALYZER_NONNULL = YES;
				CLANG_ANALYZER_NUMBER_OBJECT_CONVERSION = YES_AGGRESSIVE;
				CLANG_CXX_LANGUAGE_STANDARD = "gnu++20";
				CLANG_ENABLE_MODULES = YES;
				CLANG_ENABLE_OBJC_ARC = YES;
				CLANG_ENABLE_OBJC_WEAK = YES;
				CLANG_WARN_BLOCK_CAPTURE_AUTORELEASING = YES;
				CLANG_WARN_BOOL_CONVERSION = YES;
				CLANG_WARN_COMMA = YES;
				CLANG_WARN_CONSTANT_CONVERSION = YES;
				CLANG_WARN_DEPRECATED_OBJC_IMPLEMENTATIONS = YES;
				CLANG_WARN_DIRECT_OBJC_ISA_USAGE = YES_ERROR;
				CLANG_WARN_DOCUMENTATION_COMMENTS = YES;
				CLANG_WARN_EMPTY_BODY = YES;
				CLANG_WARN_ENUM_CONVERSION = YES;
				CLANG_WARN_INFINITE_RECURSION = YES;
				CLANG_WARN_INT_CONVERSION = YES;
				CLANG_WARN_NON_LITERAL_NULL_CONVERSION = YES;
				CLANG_WARN_OBJC_IMPLICIT_RETAIN_SELF = YES;
				CLANG_WARN_OBJC_LITERAL_CONVERSION = YES;
				CLANG_WARN_OBJC_ROOT_CLASS = YES_ERROR;
				CLANG_WARN_QUOTED_INCLUDE_IN_FRAMEWORK_HEADER = YES;
				CLANG_WARN_RANGE_LOOP_ANALYSIS = YES;
				CLANG_WARN_STRICT_PROTOTYPES = YES;
				CLANG_WARN_SUSPICIOUS_MOVE = YES;
				CLANG_WARN_UNGUARDED_AVAILABILITY = YES_AGGRESSIVE;
				CLANG_WARN_UNREACHABLE_CODE = YES;
				CLANG_WARN__DUPLICATE_METHOD_MATCH = YES;
				COPY_PHASE_STRIP = NO;
				DEBUG_INFORMATION_FORMAT = "dwarf-with-dsym";
				ENABLE_NS_ASSERTIONS = NO;
				ENABLE_STRICT_OBJC_MSGSEND = YES;
				GCC_C_LANGUAGE_STANDARD = gnu11;
				GCC_NO_COMMON_BLOCKS = YES;
				GCC_WARN_64_TO_32_BIT_CONVERSION = YES;
				GCC_WARN_ABOUT_RETURN_TYPE = YES_ERROR;
				GCC_WARN_UNDECLARED_SELECTOR = YES;
				GCC_WARN_UNINITIALIZED_AUTOS = YES_AGGRESSIVE;
				GCC_WARN_UNUSED_FUNCTION = YES;
				GCC_WARN_UNUSED_VARIABLE = YES;
				IPHONEOS_DEPLOYMENT_TARGET = 15.2;
				MTL_ENABLE_DEBUG_INFO = NO;
				MTL_FAST_MATH = YES;
				SDKROOT = iphoneos;
				SWIFT_COMPILATION_MODE = wholemodule;
				SWIFT_OPTIMIZATION_LEVEL = "-O";
				VALIDATE_PRODUCT = YES;
			};
			name = Release;
		};
		D0ED1A492923A340002ABBD5 /* Debug */ = {
			isa = XCBuildConfiguration;
			buildSettings = {
				ASSETCATALOG_COMPILER_APPICON_NAME = AppIcon;
				ASSETCATALOG_COMPILER_GLOBAL_ACCENT_COLOR_NAME = AccentColor;
				CODE_SIGN_STYLE = Automatic;
				CURRENT_PROJECT_VERSION = 1;
				DEVELOPMENT_ASSET_PATHS = "\"AliasForIT/Preview Content\"";
				DEVELOPMENT_TEAM = 29WM9J786L;
				ENABLE_PREVIEWS = YES;
				GENERATE_INFOPLIST_FILE = YES;
				INFOPLIST_KEY_UIApplicationSceneManifest_Generation = YES;
				INFOPLIST_KEY_UIApplicationSupportsIndirectInputEvents = YES;
				INFOPLIST_KEY_UILaunchScreen_Generation = YES;
				INFOPLIST_KEY_UISupportedInterfaceOrientations_iPad = "UIInterfaceOrientationPortrait UIInterfaceOrientationPortraitUpsideDown UIInterfaceOrientationLandscapeLeft UIInterfaceOrientationLandscapeRight";
				INFOPLIST_KEY_UISupportedInterfaceOrientations_iPhone = "UIInterfaceOrientationPortrait UIInterfaceOrientationLandscapeLeft UIInterfaceOrientationLandscapeRight";
				LD_RUNPATH_SEARCH_PATHS = (
					"$(inherited)",
					"@executable_path/Frameworks",
				);
				MARKETING_VERSION = 1.0;
				PRODUCT_BUNDLE_IDENTIFIER = dmitriq.AliasForIT;
				PRODUCT_NAME = "$(TARGET_NAME)";
				SWIFT_EMIT_LOC_STRINGS = YES;
				SWIFT_VERSION = 5.0;
				TARGETED_DEVICE_FAMILY = "1,2";
			};
			name = Debug;
		};
		D0ED1A4A2923A340002ABBD5 /* Release */ = {
			isa = XCBuildConfiguration;
			buildSettings = {
				ASSETCATALOG_COMPILER_APPICON_NAME = AppIcon;
				ASSETCATALOG_COMPILER_GLOBAL_ACCENT_COLOR_NAME = AccentColor;
				CODE_SIGN_STYLE = Automatic;
				CURRENT_PROJECT_VERSION = 1;
				DEVELOPMENT_ASSET_PATHS = "\"AliasForIT/Preview Content\"";
				DEVELOPMENT_TEAM = 29WM9J786L;
				ENABLE_PREVIEWS = YES;
				GENERATE_INFOPLIST_FILE = YES;
				INFOPLIST_KEY_UIApplicationSceneManifest_Generation = YES;
				INFOPLIST_KEY_UIApplicationSupportsIndirectInputEvents = YES;
				INFOPLIST_KEY_UILaunchScreen_Generation = YES;
				INFOPLIST_KEY_UISupportedInterfaceOrientations_iPad = "UIInterfaceOrientationPortrait UIInterfaceOrientationPortraitUpsideDown UIInterfaceOrientationLandscapeLeft UIInterfaceOrientationLandscapeRight";
				INFOPLIST_KEY_UISupportedInterfaceOrientations_iPhone = "UIInterfaceOrientationPortrait UIInterfaceOrientationLandscapeLeft UIInterfaceOrientationLandscapeRight";
				LD_RUNPATH_SEARCH_PATHS = (
					"$(inherited)",
					"@executable_path/Frameworks",
				);
				MARKETING_VERSION = 1.0;
				PRODUCT_BUNDLE_IDENTIFIER = dmitriq.AliasForIT;
				PRODUCT_NAME = "$(TARGET_NAME)";
				SWIFT_EMIT_LOC_STRINGS = YES;
				SWIFT_VERSION = 5.0;
				TARGETED_DEVICE_FAMILY = "1,2";
			};
			name = Release;
		};
/* End XCBuildConfiguration section */

/* Begin XCConfigurationList section */
		D0ED1A352923A33E002ABBD5 /* Build configuration list for PBXProject "AliasForIT" */ = {
			isa = XCConfigurationList;
			buildConfigurations = (
				D0ED1A462923A340002ABBD5 /* Debug */,
				D0ED1A472923A340002ABBD5 /* Release */,
			);
			defaultConfigurationIsVisible = 0;
			defaultConfigurationName = Release;
		};
		D0ED1A482923A340002ABBD5 /* Build configuration list for PBXNativeTarget "AliasForIT" */ = {
			isa = XCConfigurationList;
			buildConfigurations = (
				D0ED1A492923A340002ABBD5 /* Debug */,
				D0ED1A4A2923A340002ABBD5 /* Release */,
			);
			defaultConfigurationIsVisible = 0;
			defaultConfigurationName = Release;
		};
/* End XCConfigurationList section */

/* Begin XCRemoteSwiftPackageReference section */
		D0E48AB52941E64C006E2555 /* XCRemoteSwiftPackageReference "stinsen" */ = {
			isa = XCRemoteSwiftPackageReference;
			repositoryURL = "https://github.com/rundfunk47/stinsen";
			requirement = {
				kind = exactVersion;
				version = 2.0.12;
			};
		};
		D0ED1A822923AA03002ABBD5 /* XCRemoteSwiftPackageReference "Alamofire" */ = {
			isa = XCRemoteSwiftPackageReference;
			repositoryURL = "https://github.com/Alamofire/Alamofire";
			requirement = {
				kind = exactVersion;
				version = 5.6.2;
			};
		};
		D0ED1A852923AA4B002ABBD5 /* XCRemoteSwiftPackageReference "Kingfisher" */ = {
			isa = XCRemoteSwiftPackageReference;
			repositoryURL = "https://github.com/onevcat/Kingfisher";
			requirement = {
				kind = exactVersion;
				version = 7.3.2;
			};
		};
		D0ED1A882923AAAF002ABBD5 /* XCRemoteSwiftPackageReference "Moya" */ = {
			isa = XCRemoteSwiftPackageReference;
			repositoryURL = "https://github.com/Moya/Moya";
			requirement = {
				kind = exactVersion;
				version = 15.0.0;
			};
		};
		D0ED1A912923AAF6002ABBD5 /* XCRemoteSwiftPackageReference "RxSwift" */ = {
			isa = XCRemoteSwiftPackageReference;
			repositoryURL = "https://github.com/ReactiveX/RxSwift";
			requirement = {
				kind = exactVersion;
				version = 6.5.0;
			};
		};
		D0ED1A962923AB35002ABBD5 /* XCRemoteSwiftPackageReference "CombineExt" */ = {
			isa = XCRemoteSwiftPackageReference;
			repositoryURL = "https://github.com/CombineCommunity/CombineExt";
			requirement = {
				kind = exactVersion;
				version = 1.8.0;
			};
		};
/* End XCRemoteSwiftPackageReference section */

/* Begin XCSwiftPackageProductDependency section */
		D0E48AB62941E64C006E2555 /* Stinsen */ = {
			isa = XCSwiftPackageProductDependency;
			package = D0E48AB52941E64C006E2555 /* XCRemoteSwiftPackageReference "stinsen" */;
			productName = Stinsen;
		};
		D0ED1A832923AA03002ABBD5 /* Alamofire */ = {
			isa = XCSwiftPackageProductDependency;
			package = D0ED1A822923AA03002ABBD5 /* XCRemoteSwiftPackageReference "Alamofire" */;
			productName = Alamofire;
		};
		D0ED1A862923AA4B002ABBD5 /* Kingfisher */ = {
			isa = XCSwiftPackageProductDependency;
			package = D0ED1A852923AA4B002ABBD5 /* XCRemoteSwiftPackageReference "Kingfisher" */;
			productName = Kingfisher;
		};
		D0ED1A892923AAB0002ABBD5 /* CombineMoya */ = {
			isa = XCSwiftPackageProductDependency;
			package = D0ED1A882923AAAF002ABBD5 /* XCRemoteSwiftPackageReference "Moya" */;
			productName = CombineMoya;
		};
		D0ED1A8B2923AAB0002ABBD5 /* Moya */ = {
			isa = XCSwiftPackageProductDependency;
			package = D0ED1A882923AAAF002ABBD5 /* XCRemoteSwiftPackageReference "Moya" */;
			productName = Moya;
		};
		D0ED1A8D2923AAB0002ABBD5 /* ReactiveMoya */ = {
			isa = XCSwiftPackageProductDependency;
			package = D0ED1A882923AAAF002ABBD5 /* XCRemoteSwiftPackageReference "Moya" */;
			productName = ReactiveMoya;
		};
		D0ED1A8F2923AAB0002ABBD5 /* RxMoya */ = {
			isa = XCSwiftPackageProductDependency;
			package = D0ED1A882923AAAF002ABBD5 /* XCRemoteSwiftPackageReference "Moya" */;
			productName = RxMoya;
		};
		D0ED1A922923AAF6002ABBD5 /* RxCocoa */ = {
			isa = XCSwiftPackageProductDependency;
			package = D0ED1A912923AAF6002ABBD5 /* XCRemoteSwiftPackageReference "RxSwift" */;
			productName = RxCocoa;
		};
		D0ED1A942923AAF6002ABBD5 /* RxSwift */ = {
			isa = XCSwiftPackageProductDependency;
			package = D0ED1A912923AAF6002ABBD5 /* XCRemoteSwiftPackageReference "RxSwift" */;
			productName = RxSwift;
		};
		D0ED1A972923AB35002ABBD5 /* CombineExt */ = {
			isa = XCSwiftPackageProductDependency;
			package = D0ED1A962923AB35002ABBD5 /* XCRemoteSwiftPackageReference "CombineExt" */;
			productName = CombineExt;
		};
/* End XCSwiftPackageProductDependency section */
	};
	rootObject = D0ED1A322923A33E002ABBD5 /* Project object */;
}
